
Microsoft Visual Studio Solution File, Format Version 12.00
# Visual Studio 15
VisualStudioVersion = 15.0.27130.2024
MinimumVisualStudioVersion = 10.0.40219.1
Project("{FAE04EC0-301F-11D3-BF4B-00C04F79EFBC}") = "Perceptron", "Perceptron\Perceptron.csproj", "{1FAA06F3-FDDB-4189-8232-1B1D8C5543EC}"
EndProject
Global
	GlobalSection(SolutionConfigurationPlatforms) = preSolution
		Debug|Any CPU = Debug|Any CPU
		Release|Any CPU = Release|Any CPU
	EndGlobalSection
	GlobalSection(ProjectConfigurationPlatforms) = postSolution
		{1FAA06F3-FDDB-4189-8232-1B1D8C5543EC}.Debug|Any CPU.ActiveCfg = Debug|Any CPU
		{1FAA06F3-FDDB-4189-8232-1B1D8C5543EC}.Debug|Any CPU.Build.0 = Debug|Any CPU
		{1FAA06F3-FDDB-4189-8232-1B1D8C5543EC}.Release|Any CPU.ActiveCfg = Release|Any CPU
		{1FAA06F3-FDDB-4189-8232-1B1D8C5543EC}.Release|Any CPU.Build.0 = Release|Any CPU
	EndGlobalSection
	GlobalSection(SolutionProperties) = preSolution
		HideSolutionNode = FALSE
	EndGlobalSection
	GlobalSection(ExtensibilityGlobals) = postSolution
		SolutionGuid = {4C728138-8320-4038-8A10-24BACAF0AA08}
	EndGlobalSection
EndGlobal
